
Microsoft Visual Studio Solution File, Format Version 12.00
# Visual Studio Version 16
VisualStudioVersion = 16.0.29306.81
MinimumVisualStudioVersion = 10.0.40219.1
Project("{FAE04EC0-301F-11D3-BF4B-00C04F79EFBC}") = "ConsoleApplication1", "ConsoleApplication1.csproj", "{20A0FF16-27B2-4E14-8C0E-8E9F24237239}"
EndProject
Project("{FAE04EC0-301F-11D3-BF4B-00C04F79EFBC}") = "ConsoleApplication2", "..\ConsoleApplication2\ConsoleApplication2.csproj", "{CE4CE2FB-4897-4584-B2BA-3CBD077C7992}"
EndProject
Global
	GlobalSection(SolutionConfigurationPlatforms) = preSolution
		Debug|Any CPU = Debug|Any CPU
		Release|Any CPU = Release|Any CPU
	EndGlobalSection
	GlobalSection(ProjectConfigurationPlatforms) = postSolution
		{20A0FF16-27B2-4E14-8C0E-8E9F24237239}.Debug|Any CPU.ActiveCfg = Debug|Any CPU
		{20A0FF16-27B2-4E14-8C0E-8E9F24237239}.Debug|Any CPU.Build.0 = Debug|Any CPU
		{20A0FF16-27B2-4E14-8C0E-8E9F24237239}.Release|Any CPU.ActiveCfg = Release|Any CPU
		{20A0FF16-27B2-4E14-8C0E-8E9F24237239}.Release|Any CPU.Build.0 = Release|Any CPU
		{CE4CE2FB-4897-4584-B2BA-3CBD077C7992}.Debug|Any CPU.ActiveCfg = Debug|Any CPU
		{CE4CE2FB-4897-4584-B2BA-3CBD077C7992}.Debug|Any CPU.Build.0 = Debug|Any CPU
		{CE4CE2FB-4897-4584-B2BA-3CBD077C7992}.Release|Any CPU.ActiveCfg = Release|Any CPU
		{CE4CE2FB-4897-4584-B2BA-3CBD077C7992}.Release|Any CPU.Build.0 = Release|Any CPU
	EndGlobalSection
	GlobalSection(SolutionProperties) = preSolution
		HideSolutionNode = FALSE
	EndGlobalSection
	GlobalSection(ExtensibilityGlobals) = postSolution
		SolutionGuid = {53D095AA-0C0A-4462-B01F-20EBE9F4C256}
	EndGlobalSection
EndGlobal
