
Microsoft Visual Studio Solution File, Format Version 12.00
# Visual Studio Version 16
VisualStudioVersion = 16.0.29306.81
MinimumVisualStudioVersion = 10.0.40219.1
Project("{9A19103F-16F7-4668-BE54-9A1E7A4F7556}") = "ConsoleApplication1", "ConsoleApplication1.csproj", "{20A0FF16-27B2-4E14-8C0E-8E9F24237239}"
EndProject
Project("{9A19103F-16F7-4668-BE54-9A1E7A4F7556}") = "ConsoleApplication2", "..\ConsoleApplication2\ConsoleApplication2.csproj", "{CE4CE2FB-4897-4584-B2BA-3CBD077C7992}"
EndProject
Project("{9A19103F-16F7-4668-BE54-9A1E7A4F7556}") = "HackerRank", "..\HackerRank\HackerRank.csproj", "{4AE2C30A-4AFE-4E69-B8A5-76EB5BBC1981}"
EndProject
Project("{9A19103F-16F7-4668-BE54-9A1E7A4F7556}") = "Codewars", "..\Codewars\Codewars.csproj", "{E228D503-E585-454E-B294-D6913E7987CA}"
EndProject
Project("{9A19103F-16F7-4668-BE54-9A1E7A4F7556}") = "LINQExcercises", "..\LINQExcercises\LINQExcercises.csproj", "{6A6492BF-91F6-4500-A729-3B62900A4BBD}"
EndProject
Project("{FAE04EC0-301F-11D3-BF4B-00C04F79EFBC}") = "OtherExcercises", "..\OtherExcercises\OtherExcercises.csproj", "{D66E61D9-0D0D-4FC2-BD6C-98F0338B9511}"
EndProject
Global
	GlobalSection(SolutionConfigurationPlatforms) = preSolution
		Debug|Any CPU = Debug|Any CPU
		Release|Any CPU = Release|Any CPU
	EndGlobalSection
	GlobalSection(ProjectConfigurationPlatforms) = postSolution
		{20A0FF16-27B2-4E14-8C0E-8E9F24237239}.Debug|Any CPU.ActiveCfg = Debug|Any CPU
		{20A0FF16-27B2-4E14-8C0E-8E9F24237239}.Debug|Any CPU.Build.0 = Debug|Any CPU
		{20A0FF16-27B2-4E14-8C0E-8E9F24237239}.Release|Any CPU.ActiveCfg = Release|Any CPU
		{20A0FF16-27B2-4E14-8C0E-8E9F24237239}.Release|Any CPU.Build.0 = Release|Any CPU
		{CE4CE2FB-4897-4584-B2BA-3CBD077C7992}.Debug|Any CPU.ActiveCfg = Debug|Any CPU
		{CE4CE2FB-4897-4584-B2BA-3CBD077C7992}.Debug|Any CPU.Build.0 = Debug|Any CPU
		{CE4CE2FB-4897-4584-B2BA-3CBD077C7992}.Release|Any CPU.ActiveCfg = Release|Any CPU
		{CE4CE2FB-4897-4584-B2BA-3CBD077C7992}.Release|Any CPU.Build.0 = Release|Any CPU
		{4AE2C30A-4AFE-4E69-B8A5-76EB5BBC1981}.Debug|Any CPU.ActiveCfg = Debug|Any CPU
		{4AE2C30A-4AFE-4E69-B8A5-76EB5BBC1981}.Debug|Any CPU.Build.0 = Debug|Any CPU
		{4AE2C30A-4AFE-4E69-B8A5-76EB5BBC1981}.Release|Any CPU.ActiveCfg = Release|Any CPU
		{4AE2C30A-4AFE-4E69-B8A5-76EB5BBC1981}.Release|Any CPU.Build.0 = Release|Any CPU
		{E228D503-E585-454E-B294-D6913E7987CA}.Debug|Any CPU.ActiveCfg = Debug|Any CPU
		{E228D503-E585-454E-B294-D6913E7987CA}.Debug|Any CPU.Build.0 = Debug|Any CPU
		{E228D503-E585-454E-B294-D6913E7987CA}.Release|Any CPU.ActiveCfg = Release|Any CPU
		{E228D503-E585-454E-B294-D6913E7987CA}.Release|Any CPU.Build.0 = Release|Any CPU
		{6A6492BF-91F6-4500-A729-3B62900A4BBD}.Debug|Any CPU.ActiveCfg = Debug|Any CPU
		{6A6492BF-91F6-4500-A729-3B62900A4BBD}.Debug|Any CPU.Build.0 = Debug|Any CPU
		{6A6492BF-91F6-4500-A729-3B62900A4BBD}.Release|Any CPU.ActiveCfg = Release|Any CPU
		{6A6492BF-91F6-4500-A729-3B62900A4BBD}.Release|Any CPU.Build.0 = Release|Any CPU
		{D66E61D9-0D0D-4FC2-BD6C-98F0338B9511}.Debug|Any CPU.ActiveCfg = Debug|Any CPU
		{D66E61D9-0D0D-4FC2-BD6C-98F0338B9511}.Debug|Any CPU.Build.0 = Debug|Any CPU
		{D66E61D9-0D0D-4FC2-BD6C-98F0338B9511}.Release|Any CPU.ActiveCfg = Release|Any CPU
		{D66E61D9-0D0D-4FC2-BD6C-98F0338B9511}.Release|Any CPU.Build.0 = Release|Any CPU
	EndGlobalSection
	GlobalSection(SolutionProperties) = preSolution
		HideSolutionNode = FALSE
	EndGlobalSection
	GlobalSection(ExtensibilityGlobals) = postSolution
		SolutionGuid = {53D095AA-0C0A-4462-B01F-20EBE9F4C256}
	EndGlobalSection
EndGlobal
